
Microsoft Visual Studio Solution File, Format Version 12.00
# Visual Studio Version 17
VisualStudioVersion = 17.5.002.0
MinimumVisualStudioVersion = 10.0.40219.1
Project("{9A19103F-16F7-4668-BE54-9A1E7A4F7556}") = "proj2", "proj2\proj2.csproj", "{99D02433-6F2C-48B3-82A2-DB8055A970C7}"
EndProject
Project("{9A19103F-16F7-4668-BE54-9A1E7A4F7556}") = "proj3", "proj3\proj3.csproj", "{E26773CC-681F-434D-A934-60889BBBD502}"
EndProject
Project("{9A19103F-16F7-4668-BE54-9A1E7A4F7556}") = "proj4", "proj4\proj4.csproj", "{922D8821-3D67-42EB-BC9A-A9A8CB2E9339}"
EndProject
Project("{2150E333-8FDC-42A3-9474-1A3956D46DE8}") = "proj5", "proj5", "{FC1F4C4D-2C18-41D3-A067-3F350EFC372F}"
EndProject
Project("{9A19103F-16F7-4668-BE54-9A1E7A4F7556}") = "proj4", "proj5\proj4\proj4.csproj", "{0CFED9B3-50F9-4737-A518-E8EDC3DFD0C1}"
EndProject
Project("{9A19103F-16F7-4668-BE54-9A1E7A4F7556}") = "proj5.Domain", "proj5\proj5.Domain\proj5.Domain.csproj", "{DE3C2998-78D6-4CFC-A6B4-64B8E08F118A}"
EndProject
Project("{9A19103F-16F7-4668-BE54-9A1E7A4F7556}") = "proj5API", "proj5\proj5API\proj5API.csproj", "{783C2C10-19BA-407B-98A4-CC8B1128B5F1}"
EndProject
Project("{2150E333-8FDC-42A3-9474-1A3956D46DE8}") = "proj6", "proj6", "{424A4124-CFEB-48D5-94BA-E193B667EABB}"
EndProject
Project("{9A19103F-16F7-4668-BE54-9A1E7A4F7556}") = "proj6", "proj6\api\proj6.csproj", "{C410E49A-8051-421D-A961-BFBC46527FC1}"
EndProject
Project("{2150E333-8FDC-42A3-9474-1A3956D46DE8}") = "projFin", "projFin", "{BD836C51-C199-48F1-A18C-DE27E7915B0E}"
EndProject
Project("{9A19103F-16F7-4668-BE54-9A1E7A4F7556}") = "OnlineShop.Api", "projFin\OnlineShop.Api\OnlineShop.Api.csproj", "{193398FA-64E2-4E13-85E8-B08B0CCDE4BA}"
EndProject
Project("{9A19103F-16F7-4668-BE54-9A1E7A4F7556}") = "OnlineShop.Domain", "projFin\OnlineShop.Domain\OnlineShop.Domain.csproj", "{8D9625D8-C745-4B10-B8A0-5DB84421A0BA}"
EndProject
Project("{9A19103F-16F7-4668-BE54-9A1E7A4F7556}") = "OnlineShop.MauiApp", "projFin\OnlineShop.MauiApp\OnlineShop.MauiApp.csproj", "{18A25D75-CD8B-49E9-98B6-C7E9C8A60D54}"
EndProject
Project("{9A19103F-16F7-4668-BE54-9A1E7A4F7556}") = "OnlineShop.WebApp", "projFin\OnlineShop.WebApp\OnlineShop.WebApp.csproj", "{B44875E7-53AD-4AED-BF38-706C3A3ACFF6}"
EndProject
Project("{2150E333-8FDC-42A3-9474-1A3956D46DE8}") = "proj1", "proj1", "{A5C82A29-BFC8-46C9-8F11-010A5E9E922C}"
EndProject
Project("{2150E333-8FDC-42A3-9474-1A3956D46DE8}") = "WebApplication1", "WebApplication1", "{3A561622-BEF8-4C30-B3D1-4BCE18DBC89E}"
EndProject
Project("{9A19103F-16F7-4668-BE54-9A1E7A4F7556}") = "WebApplication1", "proj1\WebApplication1\WebApplication1\WebApplication1.csproj", "{A80810E3-06EC-470F-9070-B5CFE78A400C}"
EndProject
Global
	GlobalSection(SolutionConfigurationPlatforms) = preSolution
		Debug|Any CPU = Debug|Any CPU
		Release|Any CPU = Release|Any CPU
	EndGlobalSection
	GlobalSection(ProjectConfigurationPlatforms) = postSolution
		{99D02433-6F2C-48B3-82A2-DB8055A970C7}.Debug|Any CPU.ActiveCfg = Debug|Any CPU
		{99D02433-6F2C-48B3-82A2-DB8055A970C7}.Debug|Any CPU.Build.0 = Debug|Any CPU
		{99D02433-6F2C-48B3-82A2-DB8055A970C7}.Release|Any CPU.ActiveCfg = Release|Any CPU
		{99D02433-6F2C-48B3-82A2-DB8055A970C7}.Release|Any CPU.Build.0 = Release|Any CPU
		{E26773CC-681F-434D-A934-60889BBBD502}.Debug|Any CPU.ActiveCfg = Debug|Any CPU
		{E26773CC-681F-434D-A934-60889BBBD502}.Debug|Any CPU.Build.0 = Debug|Any CPU
		{E26773CC-681F-434D-A934-60889BBBD502}.Release|Any CPU.ActiveCfg = Release|Any CPU
		{E26773CC-681F-434D-A934-60889BBBD502}.Release|Any CPU.Build.0 = Release|Any CPU
		{922D8821-3D67-42EB-BC9A-A9A8CB2E9339}.Debug|Any CPU.ActiveCfg = Debug|Any CPU
		{922D8821-3D67-42EB-BC9A-A9A8CB2E9339}.Debug|Any CPU.Build.0 = Debug|Any CPU
		{922D8821-3D67-42EB-BC9A-A9A8CB2E9339}.Release|Any CPU.ActiveCfg = Release|Any CPU
		{922D8821-3D67-42EB-BC9A-A9A8CB2E9339}.Release|Any CPU.Build.0 = Release|Any CPU
		{0CFED9B3-50F9-4737-A518-E8EDC3DFD0C1}.Debug|Any CPU.ActiveCfg = Debug|Any CPU
		{0CFED9B3-50F9-4737-A518-E8EDC3DFD0C1}.Debug|Any CPU.Build.0 = Debug|Any CPU
		{0CFED9B3-50F9-4737-A518-E8EDC3DFD0C1}.Release|Any CPU.ActiveCfg = Release|Any CPU
		{0CFED9B3-50F9-4737-A518-E8EDC3DFD0C1}.Release|Any CPU.Build.0 = Release|Any CPU
		{DE3C2998-78D6-4CFC-A6B4-64B8E08F118A}.Debug|Any CPU.ActiveCfg = Debug|Any CPU
		{DE3C2998-78D6-4CFC-A6B4-64B8E08F118A}.Debug|Any CPU.Build.0 = Debug|Any CPU
		{DE3C2998-78D6-4CFC-A6B4-64B8E08F118A}.Release|Any CPU.ActiveCfg = Release|Any CPU
		{DE3C2998-78D6-4CFC-A6B4-64B8E08F118A}.Release|Any CPU.Build.0 = Release|Any CPU
		{783C2C10-19BA-407B-98A4-CC8B1128B5F1}.Debug|Any CPU.ActiveCfg = Debug|Any CPU
		{783C2C10-19BA-407B-98A4-CC8B1128B5F1}.Debug|Any CPU.Build.0 = Debug|Any CPU
		{783C2C10-19BA-407B-98A4-CC8B1128B5F1}.Release|Any CPU.ActiveCfg = Release|Any CPU
		{783C2C10-19BA-407B-98A4-CC8B1128B5F1}.Release|Any CPU.Build.0 = Release|Any CPU
		{C410E49A-8051-421D-A961-BFBC46527FC1}.Debug|Any CPU.ActiveCfg = Debug|Any CPU
		{C410E49A-8051-421D-A961-BFBC46527FC1}.Debug|Any CPU.Build.0 = Debug|Any CPU
		{C410E49A-8051-421D-A961-BFBC46527FC1}.Release|Any CPU.ActiveCfg = Release|Any CPU
		{C410E49A-8051-421D-A961-BFBC46527FC1}.Release|Any CPU.Build.0 = Release|Any CPU
		{193398FA-64E2-4E13-85E8-B08B0CCDE4BA}.Debug|Any CPU.ActiveCfg = Debug|Any CPU
		{193398FA-64E2-4E13-85E8-B08B0CCDE4BA}.Debug|Any CPU.Build.0 = Debug|Any CPU
		{193398FA-64E2-4E13-85E8-B08B0CCDE4BA}.Release|Any CPU.ActiveCfg = Release|Any CPU
		{193398FA-64E2-4E13-85E8-B08B0CCDE4BA}.Release|Any CPU.Build.0 = Release|Any CPU
		{8D9625D8-C745-4B10-B8A0-5DB84421A0BA}.Debug|Any CPU.ActiveCfg = Debug|Any CPU
		{8D9625D8-C745-4B10-B8A0-5DB84421A0BA}.Debug|Any CPU.Build.0 = Debug|Any CPU
		{8D9625D8-C745-4B10-B8A0-5DB84421A0BA}.Release|Any CPU.ActiveCfg = Release|Any CPU
		{8D9625D8-C745-4B10-B8A0-5DB84421A0BA}.Release|Any CPU.Build.0 = Release|Any CPU
		{18A25D75-CD8B-49E9-98B6-C7E9C8A60D54}.Debug|Any CPU.ActiveCfg = Debug|Any CPU
		{18A25D75-CD8B-49E9-98B6-C7E9C8A60D54}.Debug|Any CPU.Build.0 = Debug|Any CPU
		{18A25D75-CD8B-49E9-98B6-C7E9C8A60D54}.Release|Any CPU.ActiveCfg = Release|Any CPU
		{18A25D75-CD8B-49E9-98B6-C7E9C8A60D54}.Release|Any CPU.Build.0 = Release|Any CPU
		{B44875E7-53AD-4AED-BF38-706C3A3ACFF6}.Debug|Any CPU.ActiveCfg = Debug|Any CPU
		{B44875E7-53AD-4AED-BF38-706C3A3ACFF6}.Debug|Any CPU.Build.0 = Debug|Any CPU
		{B44875E7-53AD-4AED-BF38-706C3A3ACFF6}.Release|Any CPU.ActiveCfg = Release|Any CPU
		{B44875E7-53AD-4AED-BF38-706C3A3ACFF6}.Release|Any CPU.Build.0 = Release|Any CPU
		{A80810E3-06EC-470F-9070-B5CFE78A400C}.Debug|Any CPU.ActiveCfg = Debug|Any CPU
		{A80810E3-06EC-470F-9070-B5CFE78A400C}.Debug|Any CPU.Build.0 = Debug|Any CPU
		{A80810E3-06EC-470F-9070-B5CFE78A400C}.Release|Any CPU.ActiveCfg = Release|Any CPU
		{A80810E3-06EC-470F-9070-B5CFE78A400C}.Release|Any CPU.Build.0 = Release|Any CPU
	EndGlobalSection
	GlobalSection(SolutionProperties) = preSolution
		HideSolutionNode = FALSE
	EndGlobalSection
	GlobalSection(NestedProjects) = preSolution
		{0CFED9B3-50F9-4737-A518-E8EDC3DFD0C1} = {FC1F4C4D-2C18-41D3-A067-3F350EFC372F}
		{DE3C2998-78D6-4CFC-A6B4-64B8E08F118A} = {FC1F4C4D-2C18-41D3-A067-3F350EFC372F}
		{783C2C10-19BA-407B-98A4-CC8B1128B5F1} = {FC1F4C4D-2C18-41D3-A067-3F350EFC372F}
		{C410E49A-8051-421D-A961-BFBC46527FC1} = {424A4124-CFEB-48D5-94BA-E193B667EABB}
		{193398FA-64E2-4E13-85E8-B08B0CCDE4BA} = {BD836C51-C199-48F1-A18C-DE27E7915B0E}
		{8D9625D8-C745-4B10-B8A0-5DB84421A0BA} = {BD836C51-C199-48F1-A18C-DE27E7915B0E}
		{18A25D75-CD8B-49E9-98B6-C7E9C8A60D54} = {BD836C51-C199-48F1-A18C-DE27E7915B0E}
		{B44875E7-53AD-4AED-BF38-706C3A3ACFF6} = {BD836C51-C199-48F1-A18C-DE27E7915B0E}
		{3A561622-BEF8-4C30-B3D1-4BCE18DBC89E} = {A5C82A29-BFC8-46C9-8F11-010A5E9E922C}
		{A80810E3-06EC-470F-9070-B5CFE78A400C} = {3A561622-BEF8-4C30-B3D1-4BCE18DBC89E}
	EndGlobalSection
	GlobalSection(ExtensibilityGlobals) = postSolution
		SolutionGuid = {CE41700C-E5D7-4878-A5D9-A49A0B654489}
	EndGlobalSection
EndGlobal
