
Microsoft Visual Studio Solution File, Format Version 12.00
# Visual Studio Version 17
VisualStudioVersion = 17.12.35527.113 d17.12
MinimumVisualStudioVersion = 10.0.40219.1
Project("{FAE04EC0-301F-11D3-BF4B-00C04F79EFBC}") = "OnlineShop.WebApp", "OnlineShop.WebApp.csproj", "{CFAC8C84-7CFA-4374-AB42-2A91BDDCDC44}"
EndProject
Global
	GlobalSection(SolutionConfigurationPlatforms) = preSolution
		Debug|Any CPU = Debug|Any CPU
		Release|Any CPU = Release|Any CPU
	EndGlobalSection
	GlobalSection(ProjectConfigurationPlatforms) = postSolution
		{CFAC8C84-7CFA-4374-AB42-2A91BDDCDC44}.Debug|Any CPU.ActiveCfg = Debug|Any CPU
		{CFAC8C84-7CFA-4374-AB42-2A91BDDCDC44}.Debug|Any CPU.Build.0 = Debug|Any CPU
		{CFAC8C84-7CFA-4374-AB42-2A91BDDCDC44}.Release|Any CPU.ActiveCfg = Release|Any CPU
		{CFAC8C84-7CFA-4374-AB42-2A91BDDCDC44}.Release|Any CPU.Build.0 = Release|Any CPU
	EndGlobalSection
	GlobalSection(SolutionProperties) = preSolution
		HideSolutionNode = FALSE
	EndGlobalSection
EndGlobal
